
Microsoft Visual Studio Solution File, Format Version 12.00
# Visual Studio Version 16
VisualStudioVersion = 16.0.29503.13
MinimumVisualStudioVersion = 10.0.40219.1
Project("{FAE04EC0-301F-11D3-BF4B-00C04F79EFBC}") = "Sales.UWP", "Sales\Sales.UWP\Sales.UWP.csproj", "{748B46FD-9FFF-4D1A-A82F-C6D47645EB69}"
EndProject
Project("{FAE04EC0-301F-11D3-BF4B-00C04F79EFBC}") = "Sales.Android", "Sales\Sales.Android\Sales.Android.csproj", "{720FCD30-BDA1-45F9-9143-F6D69CEE4E3E}"
EndProject
Project("{FAE04EC0-301F-11D3-BF4B-00C04F79EFBC}") = "Sales.iOS", "Sales\Sales.iOS\Sales.iOS.csproj", "{A1C3584E-9611-448F-89FB-9D4AC9FF65C4}"
EndProject
Project("{9A19103F-16F7-4668-BE54-9A1E7A4F7556}") = "Sales", "Sales\Sales\Sales.csproj", "{FDE7EC15-8C52-47FC-BEF9-F1BAB8AF66AE}"
EndProject
Project("{FAE04EC0-301F-11D3-BF4B-00C04F79EFBC}") = "SalesDomain", "SalesDomain\SalesDomain.csproj", "{F5C64BDD-F71E-4713-B424-519467EE6AE7}"
EndProject
Project("{FAE04EC0-301F-11D3-BF4B-00C04F79EFBC}") = "SalesBackend", "SalesBackend\SalesBackend.csproj", "{FE6F2E2E-079E-4E44-AE02-11CDC98A6F90}"
EndProject
Project("{FAE04EC0-301F-11D3-BF4B-00C04F79EFBC}") = "SalesCannon", "SalesCannon\SalesCannon.csproj", "{E2036078-86DF-4EC7-AC1C-803907935CFA}"
EndProject
Project("{FAE04EC0-301F-11D3-BF4B-00C04F79EFBC}") = "SalesApi", "SalesApi\SalesApi.csproj", "{12E69A9C-07F1-4F92-99C9-63A9319E004B}"
EndProject
Global
	GlobalSection(SolutionConfigurationPlatforms) = preSolution
		Debug|Any CPU = Debug|Any CPU
		Debug|ARM = Debug|ARM
		Debug|iPhone = Debug|iPhone
		Debug|iPhoneSimulator = Debug|iPhoneSimulator
		Debug|x64 = Debug|x64
		Debug|x86 = Debug|x86
		Release|Any CPU = Release|Any CPU
		Release|ARM = Release|ARM
		Release|iPhone = Release|iPhone
		Release|iPhoneSimulator = Release|iPhoneSimulator
		Release|x64 = Release|x64
		Release|x86 = Release|x86
	EndGlobalSection
	GlobalSection(ProjectConfigurationPlatforms) = postSolution
		{748B46FD-9FFF-4D1A-A82F-C6D47645EB69}.Debug|Any CPU.ActiveCfg = Debug|x86
		{748B46FD-9FFF-4D1A-A82F-C6D47645EB69}.Debug|Any CPU.Build.0 = Debug|x86
		{748B46FD-9FFF-4D1A-A82F-C6D47645EB69}.Debug|Any CPU.Deploy.0 = Debug|x86
		{748B46FD-9FFF-4D1A-A82F-C6D47645EB69}.Debug|ARM.ActiveCfg = Debug|ARM
		{748B46FD-9FFF-4D1A-A82F-C6D47645EB69}.Debug|ARM.Build.0 = Debug|ARM
		{748B46FD-9FFF-4D1A-A82F-C6D47645EB69}.Debug|ARM.Deploy.0 = Debug|ARM
		{748B46FD-9FFF-4D1A-A82F-C6D47645EB69}.Debug|iPhone.ActiveCfg = Debug|x86
		{748B46FD-9FFF-4D1A-A82F-C6D47645EB69}.Debug|iPhone.Build.0 = Debug|x86
		{748B46FD-9FFF-4D1A-A82F-C6D47645EB69}.Debug|iPhone.Deploy.0 = Debug|x86
		{748B46FD-9FFF-4D1A-A82F-C6D47645EB69}.Debug|iPhoneSimulator.ActiveCfg = Debug|x86
		{748B46FD-9FFF-4D1A-A82F-C6D47645EB69}.Debug|iPhoneSimulator.Build.0 = Debug|x86
		{748B46FD-9FFF-4D1A-A82F-C6D47645EB69}.Debug|iPhoneSimulator.Deploy.0 = Debug|x86
		{748B46FD-9FFF-4D1A-A82F-C6D47645EB69}.Debug|x64.ActiveCfg = Debug|x64
		{748B46FD-9FFF-4D1A-A82F-C6D47645EB69}.Debug|x64.Build.0 = Debug|x64
		{748B46FD-9FFF-4D1A-A82F-C6D47645EB69}.Debug|x64.Deploy.0 = Debug|x64
		{748B46FD-9FFF-4D1A-A82F-C6D47645EB69}.Debug|x86.ActiveCfg = Debug|x86
		{748B46FD-9FFF-4D1A-A82F-C6D47645EB69}.Debug|x86.Build.0 = Debug|x86
		{748B46FD-9FFF-4D1A-A82F-C6D47645EB69}.Debug|x86.Deploy.0 = Debug|x86
		{748B46FD-9FFF-4D1A-A82F-C6D47645EB69}.Release|Any CPU.ActiveCfg = Release|x86
		{748B46FD-9FFF-4D1A-A82F-C6D47645EB69}.Release|Any CPU.Build.0 = Release|x86
		{748B46FD-9FFF-4D1A-A82F-C6D47645EB69}.Release|Any CPU.Deploy.0 = Release|x86
		{748B46FD-9FFF-4D1A-A82F-C6D47645EB69}.Release|ARM.ActiveCfg = Release|ARM
		{748B46FD-9FFF-4D1A-A82F-C6D47645EB69}.Release|ARM.Build.0 = Release|ARM
		{748B46FD-9FFF-4D1A-A82F-C6D47645EB69}.Release|ARM.Deploy.0 = Release|ARM
		{748B46FD-9FFF-4D1A-A82F-C6D47645EB69}.Release|iPhone.ActiveCfg = Release|x86
		{748B46FD-9FFF-4D1A-A82F-C6D47645EB69}.Release|iPhone.Build.0 = Release|x86
		{748B46FD-9FFF-4D1A-A82F-C6D47645EB69}.Release|iPhone.Deploy.0 = Release|x86
		{748B46FD-9FFF-4D1A-A82F-C6D47645EB69}.Release|iPhoneSimulator.ActiveCfg = Release|x86
		{748B46FD-9FFF-4D1A-A82F-C6D47645EB69}.Release|iPhoneSimulator.Build.0 = Release|x86
		{748B46FD-9FFF-4D1A-A82F-C6D47645EB69}.Release|iPhoneSimulator.Deploy.0 = Release|x86
		{748B46FD-9FFF-4D1A-A82F-C6D47645EB69}.Release|x64.ActiveCfg = Release|x64
		{748B46FD-9FFF-4D1A-A82F-C6D47645EB69}.Release|x64.Build.0 = Release|x64
		{748B46FD-9FFF-4D1A-A82F-C6D47645EB69}.Release|x64.Deploy.0 = Release|x64
		{748B46FD-9FFF-4D1A-A82F-C6D47645EB69}.Release|x86.ActiveCfg = Release|x86
		{748B46FD-9FFF-4D1A-A82F-C6D47645EB69}.Release|x86.Build.0 = Release|x86
		{748B46FD-9FFF-4D1A-A82F-C6D47645EB69}.Release|x86.Deploy.0 = Release|x86
		{720FCD30-BDA1-45F9-9143-F6D69CEE4E3E}.Debug|Any CPU.ActiveCfg = Debug|Any CPU
		{720FCD30-BDA1-45F9-9143-F6D69CEE4E3E}.Debug|Any CPU.Build.0 = Debug|Any CPU
		{720FCD30-BDA1-45F9-9143-F6D69CEE4E3E}.Debug|Any CPU.Deploy.0 = Debug|Any CPU
		{720FCD30-BDA1-45F9-9143-F6D69CEE4E3E}.Debug|ARM.ActiveCfg = Debug|Any CPU
		{720FCD30-BDA1-45F9-9143-F6D69CEE4E3E}.Debug|ARM.Build.0 = Debug|Any CPU
		{720FCD30-BDA1-45F9-9143-F6D69CEE4E3E}.Debug|ARM.Deploy.0 = Debug|Any CPU
		{720FCD30-BDA1-45F9-9143-F6D69CEE4E3E}.Debug|iPhone.ActiveCfg = Debug|Any CPU
		{720FCD30-BDA1-45F9-9143-F6D69CEE4E3E}.Debug|iPhone.Build.0 = Debug|Any CPU
		{720FCD30-BDA1-45F9-9143-F6D69CEE4E3E}.Debug|iPhone.Deploy.0 = Debug|Any CPU
		{720FCD30-BDA1-45F9-9143-F6D69CEE4E3E}.Debug|iPhoneSimulator.ActiveCfg = Debug|Any CPU
		{720FCD30-BDA1-45F9-9143-F6D69CEE4E3E}.Debug|iPhoneSimulator.Build.0 = Debug|Any CPU
		{720FCD30-BDA1-45F9-9143-F6D69CEE4E3E}.Debug|iPhoneSimulator.Deploy.0 = Debug|Any CPU
		{720FCD30-BDA1-45F9-9143-F6D69CEE4E3E}.Debug|x64.ActiveCfg = Debug|Any CPU
		{720FCD30-BDA1-45F9-9143-F6D69CEE4E3E}.Debug|x64.Build.0 = Debug|Any CPU
		{720FCD30-BDA1-45F9-9143-F6D69CEE4E3E}.Debug|x64.Deploy.0 = Debug|Any CPU
		{720FCD30-BDA1-45F9-9143-F6D69CEE4E3E}.Debug|x86.ActiveCfg = Debug|Any CPU
		{720FCD30-BDA1-45F9-9143-F6D69CEE4E3E}.Debug|x86.Build.0 = Debug|Any CPU
		{720FCD30-BDA1-45F9-9143-F6D69CEE4E3E}.Debug|x86.Deploy.0 = Debug|Any CPU
		{720FCD30-BDA1-45F9-9143-F6D69CEE4E3E}.Release|Any CPU.ActiveCfg = Release|Any CPU
		{720FCD30-BDA1-45F9-9143-F6D69CEE4E3E}.Release|Any CPU.Build.0 = Release|Any CPU
		{720FCD30-BDA1-45F9-9143-F6D69CEE4E3E}.Release|Any CPU.Deploy.0 = Release|Any CPU
		{720FCD30-BDA1-45F9-9143-F6D69CEE4E3E}.Release|ARM.ActiveCfg = Release|Any CPU
		{720FCD30-BDA1-45F9-9143-F6D69CEE4E3E}.Release|ARM.Build.0 = Release|Any CPU
		{720FCD30-BDA1-45F9-9143-F6D69CEE4E3E}.Release|ARM.Deploy.0 = Release|Any CPU
		{720FCD30-BDA1-45F9-9143-F6D69CEE4E3E}.Release|iPhone.ActiveCfg = Release|Any CPU
		{720FCD30-BDA1-45F9-9143-F6D69CEE4E3E}.Release|iPhone.Build.0 = Release|Any CPU
		{720FCD30-BDA1-45F9-9143-F6D69CEE4E3E}.Release|iPhone.Deploy.0 = Release|Any CPU
		{720FCD30-BDA1-45F9-9143-F6D69CEE4E3E}.Release|iPhoneSimulator.ActiveCfg = Release|Any CPU
		{720FCD30-BDA1-45F9-9143-F6D69CEE4E3E}.Release|iPhoneSimulator.Build.0 = Release|Any CPU
		{720FCD30-BDA1-45F9-9143-F6D69CEE4E3E}.Release|iPhoneSimulator.Deploy.0 = Release|Any CPU
		{720FCD30-BDA1-45F9-9143-F6D69CEE4E3E}.Release|x64.ActiveCfg = Release|Any CPU
		{720FCD30-BDA1-45F9-9143-F6D69CEE4E3E}.Release|x64.Build.0 = Release|Any CPU
		{720FCD30-BDA1-45F9-9143-F6D69CEE4E3E}.Release|x64.Deploy.0 = Release|Any CPU
		{720FCD30-BDA1-45F9-9143-F6D69CEE4E3E}.Release|x86.ActiveCfg = Release|Any CPU
		{720FCD30-BDA1-45F9-9143-F6D69CEE4E3E}.Release|x86.Build.0 = Release|Any CPU
		{720FCD30-BDA1-45F9-9143-F6D69CEE4E3E}.Release|x86.Deploy.0 = Release|Any CPU
		{A1C3584E-9611-448F-89FB-9D4AC9FF65C4}.Debug|Any CPU.ActiveCfg = Debug|iPhone
		{A1C3584E-9611-448F-89FB-9D4AC9FF65C4}.Debug|Any CPU.Build.0 = Debug|iPhone
		{A1C3584E-9611-448F-89FB-9D4AC9FF65C4}.Debug|Any CPU.Deploy.0 = Debug|iPhone
		{A1C3584E-9611-448F-89FB-9D4AC9FF65C4}.Debug|ARM.ActiveCfg = Debug|iPhoneSimulator
		{A1C3584E-9611-448F-89FB-9D4AC9FF65C4}.Debug|ARM.Build.0 = Debug|iPhoneSimulator
		{A1C3584E-9611-448F-89FB-9D4AC9FF65C4}.Debug|ARM.Deploy.0 = Debug|iPhoneSimulator
		{A1C3584E-9611-448F-89FB-9D4AC9FF65C4}.Debug|iPhone.ActiveCfg = Debug|iPhone
		{A1C3584E-9611-448F-89FB-9D4AC9FF65C4}.Debug|iPhone.Build.0 = Debug|iPhone
		{A1C3584E-9611-448F-89FB-9D4AC9FF65C4}.Debug|iPhone.Deploy.0 = Debug|iPhone
		{A1C3584E-9611-448F-89FB-9D4AC9FF65C4}.Debug|iPhoneSimulator.ActiveCfg = Debug|iPhoneSimulator
		{A1C3584E-9611-448F-89FB-9D4AC9FF65C4}.Debug|iPhoneSimulator.Build.0 = Debug|iPhoneSimulator
		{A1C3584E-9611-448F-89FB-9D4AC9FF65C4}.Debug|iPhoneSimulator.Deploy.0 = Debug|iPhoneSimulator
		{A1C3584E-9611-448F-89FB-9D4AC9FF65C4}.Debug|x64.ActiveCfg = Debug|iPhone
		{A1C3584E-9611-448F-89FB-9D4AC9FF65C4}.Debug|x64.Build.0 = Debug|iPhone
		{A1C3584E-9611-448F-89FB-9D4AC9FF65C4}.Debug|x64.Deploy.0 = Debug|iPhone
		{A1C3584E-9611-448F-89FB-9D4AC9FF65C4}.Debug|x86.ActiveCfg = Debug|iPhone
		{A1C3584E-9611-448F-89FB-9D4AC9FF65C4}.Debug|x86.Build.0 = Debug|iPhone
		{A1C3584E-9611-448F-89FB-9D4AC9FF65C4}.Debug|x86.Deploy.0 = Debug|iPhone
		{A1C3584E-9611-448F-89FB-9D4AC9FF65C4}.Release|Any CPU.ActiveCfg = Release|iPhone
		{A1C3584E-9611-448F-89FB-9D4AC9FF65C4}.Release|Any CPU.Build.0 = Release|iPhone
		{A1C3584E-9611-448F-89FB-9D4AC9FF65C4}.Release|Any CPU.Deploy.0 = Release|iPhone
		{A1C3584E-9611-448F-89FB-9D4AC9FF65C4}.Release|ARM.ActiveCfg = Release|iPhone
		{A1C3584E-9611-448F-89FB-9D4AC9FF65C4}.Release|ARM.Build.0 = Release|iPhone
		{A1C3584E-9611-448F-89FB-9D4AC9FF65C4}.Release|ARM.Deploy.0 = Release|iPhone
		{A1C3584E-9611-448F-89FB-9D4AC9FF65C4}.Release|iPhone.ActiveCfg = Release|iPhone
		{A1C3584E-9611-448F-89FB-9D4AC9FF65C4}.Release|iPhone.Build.0 = Release|iPhone
		{A1C3584E-9611-448F-89FB-9D4AC9FF65C4}.Release|iPhone.Deploy.0 = Release|iPhone
		{A1C3584E-9611-448F-89FB-9D4AC9FF65C4}.Release|iPhoneSimulator.ActiveCfg = Release|iPhoneSimulator
		{A1C3584E-9611-448F-89FB-9D4AC9FF65C4}.Release|iPhoneSimulator.Build.0 = Release|iPhoneSimulator
		{A1C3584E-9611-448F-89FB-9D4AC9FF65C4}.Release|iPhoneSimulator.Deploy.0 = Release|iPhoneSimulator
		{A1C3584E-9611-448F-89FB-9D4AC9FF65C4}.Release|x64.ActiveCfg = Release|iPhone
		{A1C3584E-9611-448F-89FB-9D4AC9FF65C4}.Release|x64.Build.0 = Release|iPhone
		{A1C3584E-9611-448F-89FB-9D4AC9FF65C4}.Release|x64.Deploy.0 = Release|iPhone
		{A1C3584E-9611-448F-89FB-9D4AC9FF65C4}.Release|x86.ActiveCfg = Release|iPhone
		{A1C3584E-9611-448F-89FB-9D4AC9FF65C4}.Release|x86.Build.0 = Release|iPhone
		{A1C3584E-9611-448F-89FB-9D4AC9FF65C4}.Release|x86.Deploy.0 = Release|iPhone
		{FDE7EC15-8C52-47FC-BEF9-F1BAB8AF66AE}.Debug|Any CPU.ActiveCfg = Debug|Any CPU
		{FDE7EC15-8C52-47FC-BEF9-F1BAB8AF66AE}.Debug|Any CPU.Build.0 = Debug|Any CPU
		{FDE7EC15-8C52-47FC-BEF9-F1BAB8AF66AE}.Debug|Any CPU.Deploy.0 = Debug|Any CPU
		{FDE7EC15-8C52-47FC-BEF9-F1BAB8AF66AE}.Debug|ARM.ActiveCfg = Debug|Any CPU
		{FDE7EC15-8C52-47FC-BEF9-F1BAB8AF66AE}.Debug|ARM.Build.0 = Debug|Any CPU
		{FDE7EC15-8C52-47FC-BEF9-F1BAB8AF66AE}.Debug|ARM.Deploy.0 = Debug|Any CPU
		{FDE7EC15-8C52-47FC-BEF9-F1BAB8AF66AE}.Debug|iPhone.ActiveCfg = Debug|Any CPU
		{FDE7EC15-8C52-47FC-BEF9-F1BAB8AF66AE}.Debug|iPhone.Build.0 = Debug|Any CPU
		{FDE7EC15-8C52-47FC-BEF9-F1BAB8AF66AE}.Debug|iPhone.Deploy.0 = Debug|Any CPU
		{FDE7EC15-8C52-47FC-BEF9-F1BAB8AF66AE}.Debug|iPhoneSimulator.ActiveCfg = Debug|Any CPU
		{FDE7EC15-8C52-47FC-BEF9-F1BAB8AF66AE}.Debug|iPhoneSimulator.Build.0 = Debug|Any CPU
		{FDE7EC15-8C52-47FC-BEF9-F1BAB8AF66AE}.Debug|iPhoneSimulator.Deploy.0 = Debug|Any CPU
		{FDE7EC15-8C52-47FC-BEF9-F1BAB8AF66AE}.Debug|x64.ActiveCfg = Debug|Any CPU
		{FDE7EC15-8C52-47FC-BEF9-F1BAB8AF66AE}.Debug|x64.Build.0 = Debug|Any CPU
		{FDE7EC15-8C52-47FC-BEF9-F1BAB8AF66AE}.Debug|x64.Deploy.0 = Debug|Any CPU
		{FDE7EC15-8C52-47FC-BEF9-F1BAB8AF66AE}.Debug|x86.ActiveCfg = Debug|Any CPU
		{FDE7EC15-8C52-47FC-BEF9-F1BAB8AF66AE}.Debug|x86.Build.0 = Debug|Any CPU
		{FDE7EC15-8C52-47FC-BEF9-F1BAB8AF66AE}.Debug|x86.Deploy.0 = Debug|Any CPU
		{FDE7EC15-8C52-47FC-BEF9-F1BAB8AF66AE}.Release|Any CPU.ActiveCfg = Release|Any CPU
		{FDE7EC15-8C52-47FC-BEF9-F1BAB8AF66AE}.Release|Any CPU.Build.0 = Release|Any CPU
		{FDE7EC15-8C52-47FC-BEF9-F1BAB8AF66AE}.Release|Any CPU.Deploy.0 = Release|Any CPU
		{FDE7EC15-8C52-47FC-BEF9-F1BAB8AF66AE}.Release|ARM.ActiveCfg = Release|Any CPU
		{FDE7EC15-8C52-47FC-BEF9-F1BAB8AF66AE}.Release|ARM.Build.0 = Release|Any CPU
		{FDE7EC15-8C52-47FC-BEF9-F1BAB8AF66AE}.Release|ARM.Deploy.0 = Release|Any CPU
		{FDE7EC15-8C52-47FC-BEF9-F1BAB8AF66AE}.Release|iPhone.ActiveCfg = Release|Any CPU
		{FDE7EC15-8C52-47FC-BEF9-F1BAB8AF66AE}.Release|iPhone.Build.0 = Release|Any CPU
		{FDE7EC15-8C52-47FC-BEF9-F1BAB8AF66AE}.Release|iPhone.Deploy.0 = Release|Any CPU
		{FDE7EC15-8C52-47FC-BEF9-F1BAB8AF66AE}.Release|iPhoneSimulator.ActiveCfg = Release|Any CPU
		{FDE7EC15-8C52-47FC-BEF9-F1BAB8AF66AE}.Release|iPhoneSimulator.Build.0 = Release|Any CPU
		{FDE7EC15-8C52-47FC-BEF9-F1BAB8AF66AE}.Release|iPhoneSimulator.Deploy.0 = Release|Any CPU
		{FDE7EC15-8C52-47FC-BEF9-F1BAB8AF66AE}.Release|x64.ActiveCfg = Release|Any CPU
		{FDE7EC15-8C52-47FC-BEF9-F1BAB8AF66AE}.Release|x64.Build.0 = Release|Any CPU
		{FDE7EC15-8C52-47FC-BEF9-F1BAB8AF66AE}.Release|x64.Deploy.0 = Release|Any CPU
		{FDE7EC15-8C52-47FC-BEF9-F1BAB8AF66AE}.Release|x86.ActiveCfg = Release|Any CPU
		{FDE7EC15-8C52-47FC-BEF9-F1BAB8AF66AE}.Release|x86.Build.0 = Release|Any CPU
		{FDE7EC15-8C52-47FC-BEF9-F1BAB8AF66AE}.Release|x86.Deploy.0 = Release|Any CPU
		{F5C64BDD-F71E-4713-B424-519467EE6AE7}.Debug|Any CPU.ActiveCfg = Debug|Any CPU
		{F5C64BDD-F71E-4713-B424-519467EE6AE7}.Debug|Any CPU.Build.0 = Debug|Any CPU
		{F5C64BDD-F71E-4713-B424-519467EE6AE7}.Debug|ARM.ActiveCfg = Debug|Any CPU
		{F5C64BDD-F71E-4713-B424-519467EE6AE7}.Debug|ARM.Build.0 = Debug|Any CPU
		{F5C64BDD-F71E-4713-B424-519467EE6AE7}.Debug|iPhone.ActiveCfg = Debug|Any CPU
		{F5C64BDD-F71E-4713-B424-519467EE6AE7}.Debug|iPhone.Build.0 = Debug|Any CPU
		{F5C64BDD-F71E-4713-B424-519467EE6AE7}.Debug|iPhoneSimulator.ActiveCfg = Debug|Any CPU
		{F5C64BDD-F71E-4713-B424-519467EE6AE7}.Debug|iPhoneSimulator.Build.0 = Debug|Any CPU
		{F5C64BDD-F71E-4713-B424-519467EE6AE7}.Debug|x64.ActiveCfg = Debug|Any CPU
		{F5C64BDD-F71E-4713-B424-519467EE6AE7}.Debug|x64.Build.0 = Debug|Any CPU
		{F5C64BDD-F71E-4713-B424-519467EE6AE7}.Debug|x86.ActiveCfg = Debug|Any CPU
		{F5C64BDD-F71E-4713-B424-519467EE6AE7}.Debug|x86.Build.0 = Debug|Any CPU
		{F5C64BDD-F71E-4713-B424-519467EE6AE7}.Release|Any CPU.ActiveCfg = Release|Any CPU
		{F5C64BDD-F71E-4713-B424-519467EE6AE7}.Release|Any CPU.Build.0 = Release|Any CPU
		{F5C64BDD-F71E-4713-B424-519467EE6AE7}.Release|ARM.ActiveCfg = Release|Any CPU
		{F5C64BDD-F71E-4713-B424-519467EE6AE7}.Release|ARM.Build.0 = Release|Any CPU
		{F5C64BDD-F71E-4713-B424-519467EE6AE7}.Release|iPhone.ActiveCfg = Release|Any CPU
		{F5C64BDD-F71E-4713-B424-519467EE6AE7}.Release|iPhone.Build.0 = Release|Any CPU
		{F5C64BDD-F71E-4713-B424-519467EE6AE7}.Release|iPhoneSimulator.ActiveCfg = Release|Any CPU
		{F5C64BDD-F71E-4713-B424-519467EE6AE7}.Release|iPhoneSimulator.Build.0 = Release|Any CPU
		{F5C64BDD-F71E-4713-B424-519467EE6AE7}.Release|x64.ActiveCfg = Release|Any CPU
		{F5C64BDD-F71E-4713-B424-519467EE6AE7}.Release|x64.Build.0 = Release|Any CPU
		{F5C64BDD-F71E-4713-B424-519467EE6AE7}.Release|x86.ActiveCfg = Release|Any CPU
		{F5C64BDD-F71E-4713-B424-519467EE6AE7}.Release|x86.Build.0 = Release|Any CPU
		{FE6F2E2E-079E-4E44-AE02-11CDC98A6F90}.Debug|Any CPU.ActiveCfg = Debug|Any CPU
		{FE6F2E2E-079E-4E44-AE02-11CDC98A6F90}.Debug|Any CPU.Build.0 = Debug|Any CPU
		{FE6F2E2E-079E-4E44-AE02-11CDC98A6F90}.Debug|ARM.ActiveCfg = Debug|Any CPU
		{FE6F2E2E-079E-4E44-AE02-11CDC98A6F90}.Debug|ARM.Build.0 = Debug|Any CPU
		{FE6F2E2E-079E-4E44-AE02-11CDC98A6F90}.Debug|iPhone.ActiveCfg = Debug|Any CPU
		{FE6F2E2E-079E-4E44-AE02-11CDC98A6F90}.Debug|iPhone.Build.0 = Debug|Any CPU
		{FE6F2E2E-079E-4E44-AE02-11CDC98A6F90}.Debug|iPhoneSimulator.ActiveCfg = Debug|Any CPU
		{FE6F2E2E-079E-4E44-AE02-11CDC98A6F90}.Debug|iPhoneSimulator.Build.0 = Debug|Any CPU
		{FE6F2E2E-079E-4E44-AE02-11CDC98A6F90}.Debug|x64.ActiveCfg = Debug|Any CPU
		{FE6F2E2E-079E-4E44-AE02-11CDC98A6F90}.Debug|x64.Build.0 = Debug|Any CPU
		{FE6F2E2E-079E-4E44-AE02-11CDC98A6F90}.Debug|x86.ActiveCfg = Debug|Any CPU
		{FE6F2E2E-079E-4E44-AE02-11CDC98A6F90}.Debug|x86.Build.0 = Debug|Any CPU
		{FE6F2E2E-079E-4E44-AE02-11CDC98A6F90}.Release|Any CPU.ActiveCfg = Release|Any CPU
		{FE6F2E2E-079E-4E44-AE02-11CDC98A6F90}.Release|Any CPU.Build.0 = Release|Any CPU
		{FE6F2E2E-079E-4E44-AE02-11CDC98A6F90}.Release|ARM.ActiveCfg = Release|Any CPU
		{FE6F2E2E-079E-4E44-AE02-11CDC98A6F90}.Release|ARM.Build.0 = Release|Any CPU
		{FE6F2E2E-079E-4E44-AE02-11CDC98A6F90}.Release|iPhone.ActiveCfg = Release|Any CPU
		{FE6F2E2E-079E-4E44-AE02-11CDC98A6F90}.Release|iPhone.Build.0 = Release|Any CPU
		{FE6F2E2E-079E-4E44-AE02-11CDC98A6F90}.Release|iPhoneSimulator.ActiveCfg = Release|Any CPU
		{FE6F2E2E-079E-4E44-AE02-11CDC98A6F90}.Release|iPhoneSimulator.Build.0 = Release|Any CPU
		{FE6F2E2E-079E-4E44-AE02-11CDC98A6F90}.Release|x64.ActiveCfg = Release|Any CPU
		{FE6F2E2E-079E-4E44-AE02-11CDC98A6F90}.Release|x64.Build.0 = Release|Any CPU
		{FE6F2E2E-079E-4E44-AE02-11CDC98A6F90}.Release|x86.ActiveCfg = Release|Any CPU
		{FE6F2E2E-079E-4E44-AE02-11CDC98A6F90}.Release|x86.Build.0 = Release|Any CPU
		{E2036078-86DF-4EC7-AC1C-803907935CFA}.Debug|Any CPU.ActiveCfg = Debug|Any CPU
		{E2036078-86DF-4EC7-AC1C-803907935CFA}.Debug|Any CPU.Build.0 = Debug|Any CPU
		{E2036078-86DF-4EC7-AC1C-803907935CFA}.Debug|ARM.ActiveCfg = Debug|Any CPU
		{E2036078-86DF-4EC7-AC1C-803907935CFA}.Debug|ARM.Build.0 = Debug|Any CPU
		{E2036078-86DF-4EC7-AC1C-803907935CFA}.Debug|iPhone.ActiveCfg = Debug|Any CPU
		{E2036078-86DF-4EC7-AC1C-803907935CFA}.Debug|iPhone.Build.0 = Debug|Any CPU
		{E2036078-86DF-4EC7-AC1C-803907935CFA}.Debug|iPhoneSimulator.ActiveCfg = Debug|Any CPU
		{E2036078-86DF-4EC7-AC1C-803907935CFA}.Debug|iPhoneSimulator.Build.0 = Debug|Any CPU
		{E2036078-86DF-4EC7-AC1C-803907935CFA}.Debug|x64.ActiveCfg = Debug|Any CPU
		{E2036078-86DF-4EC7-AC1C-803907935CFA}.Debug|x64.Build.0 = Debug|Any CPU
		{E2036078-86DF-4EC7-AC1C-803907935CFA}.Debug|x86.ActiveCfg = Debug|Any CPU
		{E2036078-86DF-4EC7-AC1C-803907935CFA}.Debug|x86.Build.0 = Debug|Any CPU
		{E2036078-86DF-4EC7-AC1C-803907935CFA}.Release|Any CPU.ActiveCfg = Release|Any CPU
		{E2036078-86DF-4EC7-AC1C-803907935CFA}.Release|Any CPU.Build.0 = Release|Any CPU
		{E2036078-86DF-4EC7-AC1C-803907935CFA}.Release|ARM.ActiveCfg = Release|Any CPU
		{E2036078-86DF-4EC7-AC1C-803907935CFA}.Release|ARM.Build.0 = Release|Any CPU
		{E2036078-86DF-4EC7-AC1C-803907935CFA}.Release|iPhone.ActiveCfg = Release|Any CPU
		{E2036078-86DF-4EC7-AC1C-803907935CFA}.Release|iPhone.Build.0 = Release|Any CPU
		{E2036078-86DF-4EC7-AC1C-803907935CFA}.Release|iPhoneSimulator.ActiveCfg = Release|Any CPU
		{E2036078-86DF-4EC7-AC1C-803907935CFA}.Release|iPhoneSimulator.Build.0 = Release|Any CPU
		{E2036078-86DF-4EC7-AC1C-803907935CFA}.Release|x64.ActiveCfg = Release|Any CPU
		{E2036078-86DF-4EC7-AC1C-803907935CFA}.Release|x64.Build.0 = Release|Any CPU
		{E2036078-86DF-4EC7-AC1C-803907935CFA}.Release|x86.ActiveCfg = Release|Any CPU
		{E2036078-86DF-4EC7-AC1C-803907935CFA}.Release|x86.Build.0 = Release|Any CPU
		{12E69A9C-07F1-4F92-99C9-63A9319E004B}.Debug|Any CPU.ActiveCfg = Debug|Any CPU
		{12E69A9C-07F1-4F92-99C9-63A9319E004B}.Debug|Any CPU.Build.0 = Debug|Any CPU
		{12E69A9C-07F1-4F92-99C9-63A9319E004B}.Debug|ARM.ActiveCfg = Debug|Any CPU
		{12E69A9C-07F1-4F92-99C9-63A9319E004B}.Debug|ARM.Build.0 = Debug|Any CPU
		{12E69A9C-07F1-4F92-99C9-63A9319E004B}.Debug|iPhone.ActiveCfg = Debug|Any CPU
		{12E69A9C-07F1-4F92-99C9-63A9319E004B}.Debug|iPhone.Build.0 = Debug|Any CPU
		{12E69A9C-07F1-4F92-99C9-63A9319E004B}.Debug|iPhoneSimulator.ActiveCfg = Debug|Any CPU
		{12E69A9C-07F1-4F92-99C9-63A9319E004B}.Debug|iPhoneSimulator.Build.0 = Debug|Any CPU
		{12E69A9C-07F1-4F92-99C9-63A9319E004B}.Debug|x64.ActiveCfg = Debug|Any CPU
		{12E69A9C-07F1-4F92-99C9-63A9319E004B}.Debug|x64.Build.0 = Debug|Any CPU
		{12E69A9C-07F1-4F92-99C9-63A9319E004B}.Debug|x86.ActiveCfg = Debug|Any CPU
		{12E69A9C-07F1-4F92-99C9-63A9319E004B}.Debug|x86.Build.0 = Debug|Any CPU
		{12E69A9C-07F1-4F92-99C9-63A9319E004B}.Release|Any CPU.ActiveCfg = Release|Any CPU
		{12E69A9C-07F1-4F92-99C9-63A9319E004B}.Release|Any CPU.Build.0 = Release|Any CPU
		{12E69A9C-07F1-4F92-99C9-63A9319E004B}.Release|ARM.ActiveCfg = Release|Any CPU
		{12E69A9C-07F1-4F92-99C9-63A9319E004B}.Release|ARM.Build.0 = Release|Any CPU
		{12E69A9C-07F1-4F92-99C9-63A9319E004B}.Release|iPhone.ActiveCfg = Release|Any CPU
		{12E69A9C-07F1-4F92-99C9-63A9319E004B}.Release|iPhone.Build.0 = Release|Any CPU
		{12E69A9C-07F1-4F92-99C9-63A9319E004B}.Release|iPhoneSimulator.ActiveCfg = Release|Any CPU
		{12E69A9C-07F1-4F92-99C9-63A9319E004B}.Release|iPhoneSimulator.Build.0 = Release|Any CPU
		{12E69A9C-07F1-4F92-99C9-63A9319E004B}.Release|x64.ActiveCfg = Release|Any CPU
		{12E69A9C-07F1-4F92-99C9-63A9319E004B}.Release|x64.Build.0 = Release|Any CPU
		{12E69A9C-07F1-4F92-99C9-63A9319E004B}.Release|x86.ActiveCfg = Release|Any CPU
		{12E69A9C-07F1-4F92-99C9-63A9319E004B}.Release|x86.Build.0 = Release|Any CPU
	EndGlobalSection
	GlobalSection(SolutionProperties) = preSolution
		HideSolutionNode = FALSE
	EndGlobalSection
	GlobalSection(ExtensibilityGlobals) = postSolution
		SolutionGuid = {A3EF0DBE-E9D1-4ACA-AD7C-A69DD094D841}
	EndGlobalSection
EndGlobal
